
Microsoft Visual Studio Solution File, Format Version 12.00
# Visual Studio 14
VisualStudioVersion = 14.0.25420.1
MinimumVisualStudioVersion = 10.0.40219.1
Project("{FAE04EC0-301F-11D3-BF4B-00C04F79EFBC}") = "Broadcast", "Broadcast\Broadcast.csproj", "{FA17B8DC-E5BF-4E66-A09E-67E2F73AE823}"
EndProject
Project("{FAE04EC0-301F-11D3-BF4B-00C04F79EFBC}") = "ReceiveBroadcast", "ReceiveBroadcast\ReceiveBroadcast.csproj", "{1B01EDA5-D204-42DD-B897-D7CAAC7EB77F}"
EndProject
Project("{FAE04EC0-301F-11D3-BF4B-00C04F79EFBC}") = "PingSimulator", "PingSimulator\PingSimulator.csproj", "{BECD2F36-F592-43BA-A0A2-8B1610C7E453}"
EndProject
Global
	GlobalSection(SolutionConfigurationPlatforms) = preSolution
		Debug|Any CPU = Debug|Any CPU
		Release|Any CPU = Release|Any CPU
	EndGlobalSection
	GlobalSection(ProjectConfigurationPlatforms) = postSolution
		{FA17B8DC-E5BF-4E66-A09E-67E2F73AE823}.Debug|Any CPU.ActiveCfg = Debug|Any CPU
		{FA17B8DC-E5BF-4E66-A09E-67E2F73AE823}.Debug|Any CPU.Build.0 = Debug|Any CPU
		{FA17B8DC-E5BF-4E66-A09E-67E2F73AE823}.Release|Any CPU.ActiveCfg = Release|Any CPU
		{FA17B8DC-E5BF-4E66-A09E-67E2F73AE823}.Release|Any CPU.Build.0 = Release|Any CPU
		{1B01EDA5-D204-42DD-B897-D7CAAC7EB77F}.Debug|Any CPU.ActiveCfg = Debug|Any CPU
		{1B01EDA5-D204-42DD-B897-D7CAAC7EB77F}.Debug|Any CPU.Build.0 = Debug|Any CPU
		{1B01EDA5-D204-42DD-B897-D7CAAC7EB77F}.Release|Any CPU.ActiveCfg = Release|Any CPU
		{1B01EDA5-D204-42DD-B897-D7CAAC7EB77F}.Release|Any CPU.Build.0 = Release|Any CPU
		{BECD2F36-F592-43BA-A0A2-8B1610C7E453}.Debug|Any CPU.ActiveCfg = Debug|Any CPU
		{BECD2F36-F592-43BA-A0A2-8B1610C7E453}.Debug|Any CPU.Build.0 = Debug|Any CPU
		{BECD2F36-F592-43BA-A0A2-8B1610C7E453}.Release|Any CPU.ActiveCfg = Release|Any CPU
		{BECD2F36-F592-43BA-A0A2-8B1610C7E453}.Release|Any CPU.Build.0 = Release|Any CPU
	EndGlobalSection
	GlobalSection(SolutionProperties) = preSolution
		HideSolutionNode = FALSE
	EndGlobalSection
EndGlobal
